
Microsoft Visual Studio Solution File, Format Version 12.00
# Visual Studio Version 17
VisualStudioVersion = 17.8.34511.84
MinimumVisualStudioVersion = 10.0.40219.1
Project("{9A19103F-16F7-4668-BE54-9A1E7A4F7556}") = "GoldenGuardians", "GoldenGuardians.csproj", "{1DBF66AB-4222-4224-BDE8-B68FE9B87389}"
EndProject
Global
	GlobalSection(SolutionConfigurationPlatforms) = preSolution
		Debug|Any CPU = Debug|Any CPU
		Release|Any CPU = Release|Any CPU
	EndGlobalSection
	GlobalSection(ProjectConfigurationPlatforms) = postSolution
		{1DBF66AB-4222-4224-BDE8-B68FE9B87389}.Debug|Any CPU.ActiveCfg = Debug|Any CPU
		{1DBF66AB-4222-4224-BDE8-B68FE9B87389}.Debug|Any CPU.Build.0 = Debug|Any CPU
		{1DBF66AB-4222-4224-BDE8-B68FE9B87389}.Release|Any CPU.ActiveCfg = Release|Any CPU
		{1DBF66AB-4222-4224-BDE8-B68FE9B87389}.Release|Any CPU.Build.0 = Release|Any CPU
	EndGlobalSection
	GlobalSection(SolutionProperties) = preSolution
		HideSolutionNode = FALSE
	EndGlobalSection
	GlobalSection(ExtensibilityGlobals) = postSolution
		SolutionGuid = {C8FD0C12-D56A-42D9-A46F-428515CA95A1}
	EndGlobalSection
EndGlobal
